
Microsoft Visual Studio Solution File, Format Version 12.00
# Visual Studio Version 17
VisualStudioVersion = 17.0.31903.59
MinimumVisualStudioVersion = 10.0.40219.1
Project("{2150E333-8FDC-42A3-9474-1A3956D46DE8}") = "src", "src", "{213DF9F6-3B1F-4E46-829B-18364896645F}"
EndProject
Project("{2150E333-8FDC-42A3-9474-1A3956D46DE8}") = "Accounts", "Accounts", "{A09A5C21-B81E-42FE-B1BA-754C48E1815A}"
EndProject
Project("{9A19103F-16F7-4668-BE54-9A1E7A4F7556}") = "Accounts.Api", "src\Accounts\Accounts.Api\Accounts.Api.csproj", "{DFBEAB94-5621-4701-835C-E285AEBAADAC}"
EndProject
Project("{9A19103F-16F7-4668-BE54-9A1E7A4F7556}") = "Accounts.Domain", "src\Accounts\Accounts.Domain\Accounts.Domain.csproj", "{20E09708-3313-4C56-8062-F7BA85145B8F}"
EndProject
Project("{9A19103F-16F7-4668-BE54-9A1E7A4F7556}") = "Accounts.Application", "src\Accounts\Accounts.Application\Accounts.Application.csproj", "{F5EB95E0-676E-4616-9C9E-A5B8C21D1A56}"
EndProject
Project("{9A19103F-16F7-4668-BE54-9A1E7A4F7556}") = "Accounts.Infrastructure", "src\Accounts\Accounts.Infrastructure\Accounts.Infrastructure.csproj", "{FCE52509-E298-4E6E-B104-C182F3098E9E}"
EndProject
Project("{2150E333-8FDC-42A3-9474-1A3956D46DE8}") = "SharedKernel", "SharedKernel", "{3DFB2773-ED90-47B2-B71E-BB980A97B70E}"
EndProject
Project("{FAE04EC0-301F-11D3-BF4B-00C04F79EFBC}") = "SharedKernel", "src\SharedKernel\SharedKernel\SharedKernel.csproj", "{1C1D3650-82D4-4E30-B972-BA3065F2CA5A}"
EndProject
Project("{2150E333-8FDC-42A3-9474-1A3956D46DE8}") = "Users", "Users", "{FF4A48A8-49A0-4D5E-9993-14A0E3DBD520}"
EndProject
Project("{FAE04EC0-301F-11D3-BF4B-00C04F79EFBC}") = "Users.Api", "src\Users\Users.Api\Users.Api.csproj", "{B063A658-8FEB-4D18-9761-89D325806537}"
EndProject
Project("{FAE04EC0-301F-11D3-BF4B-00C04F79EFBC}") = "Users.Application", "src\Users\Users.Application\Users.Application.csproj", "{323C1195-F716-40F1-9031-C2F97388370F}"
EndProject
Project("{FAE04EC0-301F-11D3-BF4B-00C04F79EFBC}") = "Users.Domain", "src\Users\Users.Domain\Users.Domain.csproj", "{3CE5DA36-DC01-4032-A6D6-CAF81FC0AB85}"
EndProject
Project("{FAE04EC0-301F-11D3-BF4B-00C04F79EFBC}") = "Users.Infrastructure", "src\Users\Users.Infrastructure\Users.Infrastructure.csproj", "{04A4AFE3-2262-495D-9758-113DFD8044DF}"
EndProject
Global
	GlobalSection(SolutionConfigurationPlatforms) = preSolution
		Debug|Any CPU = Debug|Any CPU
		Release|Any CPU = Release|Any CPU
	EndGlobalSection
	GlobalSection(ProjectConfigurationPlatforms) = postSolution
		{DFBEAB94-5621-4701-835C-E285AEBAADAC}.Debug|Any CPU.ActiveCfg = Debug|Any CPU
		{DFBEAB94-5621-4701-835C-E285AEBAADAC}.Debug|Any CPU.Build.0 = Debug|Any CPU
		{DFBEAB94-5621-4701-835C-E285AEBAADAC}.Release|Any CPU.ActiveCfg = Release|Any CPU
		{DFBEAB94-5621-4701-835C-E285AEBAADAC}.Release|Any CPU.Build.0 = Release|Any CPU
		{20E09708-3313-4C56-8062-F7BA85145B8F}.Debug|Any CPU.ActiveCfg = Debug|Any CPU
		{20E09708-3313-4C56-8062-F7BA85145B8F}.Debug|Any CPU.Build.0 = Debug|Any CPU
		{20E09708-3313-4C56-8062-F7BA85145B8F}.Release|Any CPU.ActiveCfg = Release|Any CPU
		{20E09708-3313-4C56-8062-F7BA85145B8F}.Release|Any CPU.Build.0 = Release|Any CPU
		{F5EB95E0-676E-4616-9C9E-A5B8C21D1A56}.Debug|Any CPU.ActiveCfg = Debug|Any CPU
		{F5EB95E0-676E-4616-9C9E-A5B8C21D1A56}.Debug|Any CPU.Build.0 = Debug|Any CPU
		{F5EB95E0-676E-4616-9C9E-A5B8C21D1A56}.Release|Any CPU.ActiveCfg = Release|Any CPU
		{F5EB95E0-676E-4616-9C9E-A5B8C21D1A56}.Release|Any CPU.Build.0 = Release|Any CPU
		{FCE52509-E298-4E6E-B104-C182F3098E9E}.Debug|Any CPU.ActiveCfg = Debug|Any CPU
		{FCE52509-E298-4E6E-B104-C182F3098E9E}.Debug|Any CPU.Build.0 = Debug|Any CPU
		{FCE52509-E298-4E6E-B104-C182F3098E9E}.Release|Any CPU.ActiveCfg = Release|Any CPU
		{FCE52509-E298-4E6E-B104-C182F3098E9E}.Release|Any CPU.Build.0 = Release|Any CPU
		{1C1D3650-82D4-4E30-B972-BA3065F2CA5A}.Debug|Any CPU.ActiveCfg = Debug|Any CPU
		{1C1D3650-82D4-4E30-B972-BA3065F2CA5A}.Debug|Any CPU.Build.0 = Debug|Any CPU
		{1C1D3650-82D4-4E30-B972-BA3065F2CA5A}.Release|Any CPU.ActiveCfg = Release|Any CPU
		{1C1D3650-82D4-4E30-B972-BA3065F2CA5A}.Release|Any CPU.Build.0 = Release|Any CPU
		{B063A658-8FEB-4D18-9761-89D325806537}.Debug|Any CPU.ActiveCfg = Debug|Any CPU
		{B063A658-8FEB-4D18-9761-89D325806537}.Debug|Any CPU.Build.0 = Debug|Any CPU
		{B063A658-8FEB-4D18-9761-89D325806537}.Release|Any CPU.ActiveCfg = Release|Any CPU
		{B063A658-8FEB-4D18-9761-89D325806537}.Release|Any CPU.Build.0 = Release|Any CPU
		{323C1195-F716-40F1-9031-C2F97388370F}.Debug|Any CPU.ActiveCfg = Debug|Any CPU
		{323C1195-F716-40F1-9031-C2F97388370F}.Debug|Any CPU.Build.0 = Debug|Any CPU
		{323C1195-F716-40F1-9031-C2F97388370F}.Release|Any CPU.ActiveCfg = Release|Any CPU
		{323C1195-F716-40F1-9031-C2F97388370F}.Release|Any CPU.Build.0 = Release|Any CPU
		{3CE5DA36-DC01-4032-A6D6-CAF81FC0AB85}.Debug|Any CPU.ActiveCfg = Debug|Any CPU
		{3CE5DA36-DC01-4032-A6D6-CAF81FC0AB85}.Debug|Any CPU.Build.0 = Debug|Any CPU
		{3CE5DA36-DC01-4032-A6D6-CAF81FC0AB85}.Release|Any CPU.ActiveCfg = Release|Any CPU
		{3CE5DA36-DC01-4032-A6D6-CAF81FC0AB85}.Release|Any CPU.Build.0 = Release|Any CPU
		{04A4AFE3-2262-495D-9758-113DFD8044DF}.Debug|Any CPU.ActiveCfg = Debug|Any CPU
		{04A4AFE3-2262-495D-9758-113DFD8044DF}.Debug|Any CPU.Build.0 = Debug|Any CPU
		{04A4AFE3-2262-495D-9758-113DFD8044DF}.Release|Any CPU.ActiveCfg = Release|Any CPU
		{04A4AFE3-2262-495D-9758-113DFD8044DF}.Release|Any CPU.Build.0 = Release|Any CPU
	EndGlobalSection
	GlobalSection(SolutionProperties) = preSolution
		HideSolutionNode = FALSE
	EndGlobalSection
	GlobalSection(NestedProjects) = preSolution
		{A09A5C21-B81E-42FE-B1BA-754C48E1815A} = {213DF9F6-3B1F-4E46-829B-18364896645F}
		{DFBEAB94-5621-4701-835C-E285AEBAADAC} = {A09A5C21-B81E-42FE-B1BA-754C48E1815A}
		{20E09708-3313-4C56-8062-F7BA85145B8F} = {A09A5C21-B81E-42FE-B1BA-754C48E1815A}
		{F5EB95E0-676E-4616-9C9E-A5B8C21D1A56} = {A09A5C21-B81E-42FE-B1BA-754C48E1815A}
		{FCE52509-E298-4E6E-B104-C182F3098E9E} = {A09A5C21-B81E-42FE-B1BA-754C48E1815A}
		{3DFB2773-ED90-47B2-B71E-BB980A97B70E} = {213DF9F6-3B1F-4E46-829B-18364896645F}
		{1C1D3650-82D4-4E30-B972-BA3065F2CA5A} = {3DFB2773-ED90-47B2-B71E-BB980A97B70E}
		{FF4A48A8-49A0-4D5E-9993-14A0E3DBD520} = {213DF9F6-3B1F-4E46-829B-18364896645F}
		{B063A658-8FEB-4D18-9761-89D325806537} = {FF4A48A8-49A0-4D5E-9993-14A0E3DBD520}
		{323C1195-F716-40F1-9031-C2F97388370F} = {FF4A48A8-49A0-4D5E-9993-14A0E3DBD520}
		{3CE5DA36-DC01-4032-A6D6-CAF81FC0AB85} = {FF4A48A8-49A0-4D5E-9993-14A0E3DBD520}
		{04A4AFE3-2262-495D-9758-113DFD8044DF} = {FF4A48A8-49A0-4D5E-9993-14A0E3DBD520}
	EndGlobalSection
	GlobalSection(ExtensibilityGlobals) = postSolution
		SolutionGuid = {08FBBC64-37A3-483B-AEDB-4B13F847B844}
	EndGlobalSection
EndGlobal
