
Microsoft Visual Studio Solution File, Format Version 12.00
# Visual Studio Version 17
VisualStudioVersion = 17.0.31903.59
MinimumVisualStudioVersion = 10.0.40219.1
Project("{2150E333-8FDC-42A3-9474-1A3956D46DE8}") = "src", "src", "{213DF9F6-3B1F-4E46-829B-18364896645F}"
EndProject
Project("{2150E333-8FDC-42A3-9474-1A3956D46DE8}") = "Accounts", "Accounts", "{A09A5C21-B81E-42FE-B1BA-754C48E1815A}"
EndProject
Project("{9A19103F-16F7-4668-BE54-9A1E7A4F7556}") = "Accounts.Api", "src\Accounts\Accounts.Api\Accounts.Api.csproj", "{DFBEAB94-5621-4701-835C-E285AEBAADAC}"
EndProject
Project("{9A19103F-16F7-4668-BE54-9A1E7A4F7556}") = "Accounts.Domain", "src\Accounts\Accounts.Domain\Accounts.Domain.csproj", "{20E09708-3313-4C56-8062-F7BA85145B8F}"
EndProject
Project("{9A19103F-16F7-4668-BE54-9A1E7A4F7556}") = "Accounts.Application", "src\Accounts\Accounts.Application\Accounts.Application.csproj", "{F5EB95E0-676E-4616-9C9E-A5B8C21D1A56}"
EndProject
Project("{2150E333-8FDC-42A3-9474-1A3956D46DE8}") = "Identities", "Identities", "{E4303D8A-7C01-46AD-817D-AF28607D5C2F}"
EndProject
Project("{9A19103F-16F7-4668-BE54-9A1E7A4F7556}") = "Accounts.Infrastructure", "src\Accounts\Accounts.Infrastructure\Accounts.Infrastructure.csproj", "{FCE52509-E298-4E6E-B104-C182F3098E9E}"
EndProject
Project("{FAE04EC0-301F-11D3-BF4B-00C04F79EFBC}") = "Identities.Api", "src\Identities\Identities.Api\Identities.Api.csproj", "{7CFB9BB2-8CB7-4797-B98F-AF6DEA1AB83F}"
EndProject
Project("{FAE04EC0-301F-11D3-BF4B-00C04F79EFBC}") = "Identities.Application", "src\Identities\Identities.Application\Identities.Application.csproj", "{F08CB39E-A804-43DE-93F8-85E86E106472}"
EndProject
Project("{FAE04EC0-301F-11D3-BF4B-00C04F79EFBC}") = "Identities.Domain", "src\Identities\Identities.Domain\Identities.Domain.csproj", "{682877F6-05EE-4A5B-810E-2A96B484E163}"
EndProject
Project("{FAE04EC0-301F-11D3-BF4B-00C04F79EFBC}") = "Identities.Infrastructure", "src\Identities\Identities.Infrastructure\Identities.Infrastructure.csproj", "{69EBAC3B-F64B-4EA2-B46A-16808A1E2776}"
EndProject
Project("{2150E333-8FDC-42A3-9474-1A3956D46DE8}") = "SharedKernel", "SharedKernel", "{3DFB2773-ED90-47B2-B71E-BB980A97B70E}"
EndProject
Project("{FAE04EC0-301F-11D3-BF4B-00C04F79EFBC}") = "SharedKernel", "src\SharedKernel\SharedKernel\SharedKernel.csproj", "{1C1D3650-82D4-4E30-B972-BA3065F2CA5A}"
EndProject
Global
	GlobalSection(SolutionConfigurationPlatforms) = preSolution
		Debug|Any CPU = Debug|Any CPU
		Release|Any CPU = Release|Any CPU
	EndGlobalSection
	GlobalSection(ProjectConfigurationPlatforms) = postSolution
		{DFBEAB94-5621-4701-835C-E285AEBAADAC}.Debug|Any CPU.ActiveCfg = Debug|Any CPU
		{DFBEAB94-5621-4701-835C-E285AEBAADAC}.Debug|Any CPU.Build.0 = Debug|Any CPU
		{DFBEAB94-5621-4701-835C-E285AEBAADAC}.Release|Any CPU.ActiveCfg = Release|Any CPU
		{DFBEAB94-5621-4701-835C-E285AEBAADAC}.Release|Any CPU.Build.0 = Release|Any CPU
		{20E09708-3313-4C56-8062-F7BA85145B8F}.Debug|Any CPU.ActiveCfg = Debug|Any CPU
		{20E09708-3313-4C56-8062-F7BA85145B8F}.Debug|Any CPU.Build.0 = Debug|Any CPU
		{20E09708-3313-4C56-8062-F7BA85145B8F}.Release|Any CPU.ActiveCfg = Release|Any CPU
		{20E09708-3313-4C56-8062-F7BA85145B8F}.Release|Any CPU.Build.0 = Release|Any CPU
		{F5EB95E0-676E-4616-9C9E-A5B8C21D1A56}.Debug|Any CPU.ActiveCfg = Debug|Any CPU
		{F5EB95E0-676E-4616-9C9E-A5B8C21D1A56}.Debug|Any CPU.Build.0 = Debug|Any CPU
		{F5EB95E0-676E-4616-9C9E-A5B8C21D1A56}.Release|Any CPU.ActiveCfg = Release|Any CPU
		{F5EB95E0-676E-4616-9C9E-A5B8C21D1A56}.Release|Any CPU.Build.0 = Release|Any CPU
		{FCE52509-E298-4E6E-B104-C182F3098E9E}.Debug|Any CPU.ActiveCfg = Debug|Any CPU
		{FCE52509-E298-4E6E-B104-C182F3098E9E}.Debug|Any CPU.Build.0 = Debug|Any CPU
		{FCE52509-E298-4E6E-B104-C182F3098E9E}.Release|Any CPU.ActiveCfg = Release|Any CPU
		{FCE52509-E298-4E6E-B104-C182F3098E9E}.Release|Any CPU.Build.0 = Release|Any CPU
		{7CFB9BB2-8CB7-4797-B98F-AF6DEA1AB83F}.Debug|Any CPU.ActiveCfg = Debug|Any CPU
		{7CFB9BB2-8CB7-4797-B98F-AF6DEA1AB83F}.Debug|Any CPU.Build.0 = Debug|Any CPU
		{7CFB9BB2-8CB7-4797-B98F-AF6DEA1AB83F}.Release|Any CPU.ActiveCfg = Release|Any CPU
		{7CFB9BB2-8CB7-4797-B98F-AF6DEA1AB83F}.Release|Any CPU.Build.0 = Release|Any CPU
		{F08CB39E-A804-43DE-93F8-85E86E106472}.Debug|Any CPU.ActiveCfg = Debug|Any CPU
		{F08CB39E-A804-43DE-93F8-85E86E106472}.Debug|Any CPU.Build.0 = Debug|Any CPU
		{F08CB39E-A804-43DE-93F8-85E86E106472}.Release|Any CPU.ActiveCfg = Release|Any CPU
		{F08CB39E-A804-43DE-93F8-85E86E106472}.Release|Any CPU.Build.0 = Release|Any CPU
		{682877F6-05EE-4A5B-810E-2A96B484E163}.Debug|Any CPU.ActiveCfg = Debug|Any CPU
		{682877F6-05EE-4A5B-810E-2A96B484E163}.Debug|Any CPU.Build.0 = Debug|Any CPU
		{682877F6-05EE-4A5B-810E-2A96B484E163}.Release|Any CPU.ActiveCfg = Release|Any CPU
		{682877F6-05EE-4A5B-810E-2A96B484E163}.Release|Any CPU.Build.0 = Release|Any CPU
		{69EBAC3B-F64B-4EA2-B46A-16808A1E2776}.Debug|Any CPU.ActiveCfg = Debug|Any CPU
		{69EBAC3B-F64B-4EA2-B46A-16808A1E2776}.Debug|Any CPU.Build.0 = Debug|Any CPU
		{69EBAC3B-F64B-4EA2-B46A-16808A1E2776}.Release|Any CPU.ActiveCfg = Release|Any CPU
		{69EBAC3B-F64B-4EA2-B46A-16808A1E2776}.Release|Any CPU.Build.0 = Release|Any CPU
		{1C1D3650-82D4-4E30-B972-BA3065F2CA5A}.Debug|Any CPU.ActiveCfg = Debug|Any CPU
		{1C1D3650-82D4-4E30-B972-BA3065F2CA5A}.Debug|Any CPU.Build.0 = Debug|Any CPU
		{1C1D3650-82D4-4E30-B972-BA3065F2CA5A}.Release|Any CPU.ActiveCfg = Release|Any CPU
		{1C1D3650-82D4-4E30-B972-BA3065F2CA5A}.Release|Any CPU.Build.0 = Release|Any CPU
	EndGlobalSection
	GlobalSection(SolutionProperties) = preSolution
		HideSolutionNode = FALSE
	EndGlobalSection
	GlobalSection(NestedProjects) = preSolution
		{A09A5C21-B81E-42FE-B1BA-754C48E1815A} = {213DF9F6-3B1F-4E46-829B-18364896645F}
		{DFBEAB94-5621-4701-835C-E285AEBAADAC} = {A09A5C21-B81E-42FE-B1BA-754C48E1815A}
		{20E09708-3313-4C56-8062-F7BA85145B8F} = {A09A5C21-B81E-42FE-B1BA-754C48E1815A}
		{F5EB95E0-676E-4616-9C9E-A5B8C21D1A56} = {A09A5C21-B81E-42FE-B1BA-754C48E1815A}
		{E4303D8A-7C01-46AD-817D-AF28607D5C2F} = {213DF9F6-3B1F-4E46-829B-18364896645F}
		{FCE52509-E298-4E6E-B104-C182F3098E9E} = {A09A5C21-B81E-42FE-B1BA-754C48E1815A}
		{7CFB9BB2-8CB7-4797-B98F-AF6DEA1AB83F} = {E4303D8A-7C01-46AD-817D-AF28607D5C2F}
		{F08CB39E-A804-43DE-93F8-85E86E106472} = {E4303D8A-7C01-46AD-817D-AF28607D5C2F}
		{682877F6-05EE-4A5B-810E-2A96B484E163} = {E4303D8A-7C01-46AD-817D-AF28607D5C2F}
		{69EBAC3B-F64B-4EA2-B46A-16808A1E2776} = {E4303D8A-7C01-46AD-817D-AF28607D5C2F}
		{3DFB2773-ED90-47B2-B71E-BB980A97B70E} = {213DF9F6-3B1F-4E46-829B-18364896645F}
		{1C1D3650-82D4-4E30-B972-BA3065F2CA5A} = {3DFB2773-ED90-47B2-B71E-BB980A97B70E}
	EndGlobalSection
	GlobalSection(ExtensibilityGlobals) = postSolution
		SolutionGuid = {08FBBC64-37A3-483B-AEDB-4B13F847B844}
	EndGlobalSection
EndGlobal
